
Microsoft Visual Studio Solution File, Format Version 11.00
# Visual C# Express 2010
Project("{FAE04EC0-301F-11D3-BF4B-00C04F79EFBC}") = "Univar", "Univar\Univar.csproj", "{AF00F2A0-9C2A-4BFC-A310-9A3FA036638A}"
EndProject
Global
	GlobalSection(SolutionConfigurationPlatforms) = preSolution
		Debug|Any CPU = Debug|Any CPU
		Release|Any CPU = Release|Any CPU
	EndGlobalSection
	GlobalSection(ProjectConfigurationPlatforms) = postSolution
		{AF00F2A0-9C2A-4BFC-A310-9A3FA036638A}.Debug|Any CPU.ActiveCfg = Debug|Any CPU
		{AF00F2A0-9C2A-4BFC-A310-9A3FA036638A}.Debug|Any CPU.Build.0 = Debug|Any CPU
		{AF00F2A0-9C2A-4BFC-A310-9A3FA036638A}.Release|Any CPU.ActiveCfg = Release|Any CPU
		{AF00F2A0-9C2A-4BFC-A310-9A3FA036638A}.Release|Any CPU.Build.0 = Release|Any CPU
	EndGlobalSection
	GlobalSection(SolutionProperties) = preSolution
		HideSolutionNode = FALSE
	EndGlobalSection
EndGlobal
